
Microsoft Visual Studio Solution File, Format Version 12.00
# Visual Studio 15
VisualStudioVersion = 15.0.27703.2026
MinimumVisualStudioVersion = 10.0.40219.1
Project("{FAE04EC0-301F-11D3-BF4B-00C04F79EFBC}") = "Chotaiko", "Chotaiko\Chotaiko.csproj", "{804F9599-1A6E-4C12-BD47-A2F745DDE1D4}"
EndProject
Global
	GlobalSection(SolutionConfigurationPlatforms) = preSolution
		Debug|Any CPU = Debug|Any CPU
		Release|Any CPU = Release|Any CPU
	EndGlobalSection
	GlobalSection(ProjectConfigurationPlatforms) = postSolution
		{804F9599-1A6E-4C12-BD47-A2F745DDE1D4}.Debug|Any CPU.ActiveCfg = Debug|Any CPU
		{804F9599-1A6E-4C12-BD47-A2F745DDE1D4}.Debug|Any CPU.Build.0 = Debug|Any CPU
		{804F9599-1A6E-4C12-BD47-A2F745DDE1D4}.Release|Any CPU.ActiveCfg = Release|Any CPU
		{804F9599-1A6E-4C12-BD47-A2F745DDE1D4}.Release|Any CPU.Build.0 = Release|Any CPU
	EndGlobalSection
	GlobalSection(SolutionProperties) = preSolution
		HideSolutionNode = FALSE
	EndGlobalSection
	GlobalSection(ExtensibilityGlobals) = postSolution
		SolutionGuid = {E9A0E12D-AA88-4CA6-93E4-31FEEC049790}
	EndGlobalSection
EndGlobal
